Microsoft Visual Studio Solution File, Format Version 12.00
# Visual Studio Version 17
VisualStudioVersion = 17.5.2.0
MinimumVisualStudioVersion = 10.0.40219.1
Project("{FAE04EC0-301F-11D3-BF4B-00C04F79EFBC}") = "Manga_Rica P1", "Manga_Rica P1.csproj", "{7C824AEA-D4E7-0358-85DD-D7AF4E1E08F0}"
EndProject
Global
	GlobalSection(SolutionConfigurationPlatforms) = preSolution
		Debug|Any CPU = Debug|Any CPU
		Release|Any CPU = Release|Any CPU
	EndGlobalSection
	GlobalSection(ProjectConfigurationPlatforms) = postSolution
		{7C824AEA-D4E7-0358-85DD-D7AF4E1E08F0}.Debug|Any CPU.ActiveCfg = Debug|Any CPU
		{7C824AEA-D4E7-0358-85DD-D7AF4E1E08F0}.Debug|Any CPU.Build.0 = Debug|Any CPU
		{7C824AEA-D4E7-0358-85DD-D7AF4E1E08F0}.Release|Any CPU.ActiveCfg = Release|Any CPU
		{7C824AEA-D4E7-0358-85DD-D7AF4E1E08F0}.Release|Any CPU.Build.0 = Release|Any CPU
	EndGlobalSection
	GlobalSection(SolutionProperties) = preSolution
		HideSolutionNode = FALSE
	EndGlobalSection
	GlobalSection(ExtensibilityGlobals) = postSolution
		SolutionGuid = {7EECF927-3DAF-40AD-80C1-0F5128445B19}
	EndGlobalSection
EndGlobal
