
Microsoft Visual Studio Solution File, Format Version 12.00
# Visual Studio Version 17
VisualStudioVersion = 17.14.36327.8 d17.14
MinimumVisualStudioVersion = 10.0.40219.1
Project("{FAE04EC0-301F-11D3-BF4B-00C04F79EFBC}") = "Manga_Rica P1", "Manga_Rica P1\Manga_Rica P1.csproj", "{9B4FC906-6D67-4D21-BD70-A7F2EF0D51B5}"
EndProject
Global
	GlobalSection(SolutionConfigurationPlatforms) = preSolution
		Debug|Any CPU = Debug|Any CPU
		Release|Any CPU = Release|Any CPU
	EndGlobalSection
	GlobalSection(ProjectConfigurationPlatforms) = postSolution
		{9B4FC906-6D67-4D21-BD70-A7F2EF0D51B5}.Debug|Any CPU.ActiveCfg = Debug|Any CPU
		{9B4FC906-6D67-4D21-BD70-A7F2EF0D51B5}.Debug|Any CPU.Build.0 = Debug|Any CPU
		{9B4FC906-6D67-4D21-BD70-A7F2EF0D51B5}.Release|Any CPU.ActiveCfg = Release|Any CPU
		{9B4FC906-6D67-4D21-BD70-A7F2EF0D51B5}.Release|Any CPU.Build.0 = Release|Any CPU
	EndGlobalSection
	GlobalSection(SolutionProperties) = preSolution
		HideSolutionNode = FALSE
	EndGlobalSection
	GlobalSection(ExtensibilityGlobals) = postSolution
		SolutionGuid = {C8976D9A-D7EC-4B22-8A4A-8EBF3B0AABF4}
	EndGlobalSection
EndGlobal
